lockfileVersion: '6.0'

settings:
  autoInstallPeers: true
  excludeLinksFromLockfile: false

dependencies:
  '@citizenfx/client':
    specifier: latest
    version: 2.0.6551-1
  '@citizenfx/server':
    specifier: latest
    version: 2.0.6551-1
  '@types/node':
    specifier: ^16.9.1
    version: 16.11.44
  typescript:
    specifier: ^4.7.4
    version: 4.7.4

packages:

  /@citizenfx/client@2.0.6551-1:
    resolution: {integrity: sha512-wylWhpn2nE5dwP3Oyw/ZNIyRxQzerRgghZMZ6t4D4dco8DerNbdi/FUeV6Qq9d0/7IhSS+GlpEXm/HpHTs+85w==}
    dev: false

  /@citizenfx/server@2.0.6551-1:
    resolution: {integrity: sha512-jelmh0WBd7ihsQ//y/OY2lXw82FgBLkCVnaKCtTpyGO8td8uu8oVs1CDiwC3+T6CXgLCYykd/nWzzPpGAf0BGg==}
    dev: false

  /@types/node@16.11.44:
    resolution: {integrity: sha512-gwP6+QDgL5TDBIWh1lbYh3EFPU11pa+8xcamcsA3ROkp3A9X+/3Y5cRgq93VPEEE+CGfxlQnqkg1kkWGBgh3fw==}
    dev: false

  /typescript@4.7.4:
    resolution: {integrity: sha512-C0WQT0gezHuw6AdY1M2jxUO83Rjf0HP7Sk1DtXj6j1EwkQNZrHAg2XPWlq62oqEhYvONq5pkC2Y9oPljWToLmQ==}
    engines: {node: '>=4.2.0'}
    hasBin: true
    dev: false
